
Microsoft Visual Studio Solution File, Format Version 12.00
# Visual Studio Version 16
VisualStudioVersion = 16.0.31911.196
MinimumVisualStudioVersion = 10.0.40219.1
Project("{9A19103F-16F7-4668-BE54-9A1E7A4F7556}") = "ActiveWinTest", "ActiveWinTest.csproj", "{B175B31F-3513-4261-8D80-C7161B7AB501}"
EndProject
Global
	GlobalSection(SolutionConfigurationPlatforms) = preSolution
		Debug|Any CPU = Debug|Any CPU
		Release|Any CPU = Release|Any CPU
	EndGlobalSection
	GlobalSection(ProjectConfigurationPlatforms) = postSolution
		{B175B31F-3513-4261-8D80-C7161B7AB501}.Debug|Any CPU.ActiveCfg = Debug|Any CPU
		{B175B31F-3513-4261-8D80-C7161B7AB501}.Debug|Any CPU.Build.0 = Debug|Any CPU
		{B175B31F-3513-4261-8D80-C7161B7AB501}.Release|Any CPU.ActiveCfg = Release|Any CPU
		{B175B31F-3513-4261-8D80-C7161B7AB501}.Release|Any CPU.Build.0 = Release|Any CPU
	EndGlobalSection
	GlobalSection(SolutionProperties) = preSolution
		HideSolutionNode = FALSE
	EndGlobalSection
	GlobalSection(ExtensibilityGlobals) = postSolution
		SolutionGuid = {C7C3D166-7113-4629-BC9B-2C57B30FF64F}
	EndGlobalSection
EndGlobal
